
Microsoft Visual Studio Solution File, Format Version 12.00
# Visual Studio Version 17
VisualStudioVersion = 17.0.31903.59
MinimumVisualStudioVersion = 10.0.40219.1
Project("{FAE04EC0-301F-11D3-BF4B-00C04F79EFBC}") = "BatchExtensions", "Src\BatchExtensions.csproj", "{3B6A8C6F-FA64-4DDB-8147-872A5618457D}"
EndProject
Project("{FAE04EC0-301F-11D3-BF4B-00C04F79EFBC}") = "BatchExtensions.Tests", "Tests\BatchExtensions.Tests.csproj", "{7AE8063E-6166-4A33-A3E0-F8907F9B7C1D}"
EndProject
Global
	GlobalSection(SolutionConfigurationPlatforms) = preSolution
		Debug|Any CPU = Debug|Any CPU
		Release|Any CPU = Release|Any CPU
	EndGlobalSection
	GlobalSection(SolutionProperties) = preSolution
		HideSolutionNode = FALSE
	EndGlobalSection
	GlobalSection(ProjectConfigurationPlatforms) = postSolution
		{3B6A8C6F-FA64-4DDB-8147-872A5618457D}.Debug|Any CPU.ActiveCfg = Debug|Any CPU
		{3B6A8C6F-FA64-4DDB-8147-872A5618457D}.Debug|Any CPU.Build.0 = Debug|Any CPU
		{3B6A8C6F-FA64-4DDB-8147-872A5618457D}.Release|Any CPU.ActiveCfg = Release|Any CPU
		{3B6A8C6F-FA64-4DDB-8147-872A5618457D}.Release|Any CPU.Build.0 = Release|Any CPU
		{7AE8063E-6166-4A33-A3E0-F8907F9B7C1D}.Debug|Any CPU.ActiveCfg = Debug|Any CPU
		{7AE8063E-6166-4A33-A3E0-F8907F9B7C1D}.Debug|Any CPU.Build.0 = Debug|Any CPU
		{7AE8063E-6166-4A33-A3E0-F8907F9B7C1D}.Release|Any CPU.ActiveCfg = Release|Any CPU
		{7AE8063E-6166-4A33-A3E0-F8907F9B7C1D}.Release|Any CPU.Build.0 = Release|Any CPU
	EndGlobalSection
EndGlobal
